PODS:
  - SwiftFDKit (0.0.1)

DEPENDENCIES:
  - SwiftFDKit (from `../`)

EXTERNAL SOURCES:
  SwiftFDKit:
    :commit: ae9bada6eefd7786dee81b57a088bec6f1deff7a
    :path: "../"

SPEC CHECKSUMS:
  SwiftFDKit: 8febecc93385ec4a3be70185ef5dbee99d4c69a2

PODFILE CHECKSUM: 7709ef0e627e53a8961b02e9ae2472c0e5ae82b5

COCOAPODS: 1.6.1
